// !$*UTF8*$!
{
	archiveVersion = 1;
	classes = {
	};
	objectVersion = 56;
	objects = {

/* Begin PBXBuildFile section */
		CEB830312ADC64C600CCEBF1 /* FoodAppApp.swift in Sources */ = {isa = PBXBuildFile; fileRef = CEB830302ADC64C600CCEBF1 /* FoodAppApp.swift */; };
		CEB830332ADC64C600CCEBF1 /* ContentView.swift in Sources */ = {isa = PBXBuildFile; fileRef = CEB830322ADC64C600CCEBF1 /* ContentView.swift */; };
		CEB830352ADC64C800CCEBF1 /* Assets.xcassets in Resources */ = {isa = PBXBuildFile; fileRef = CEB830342ADC64C800CCEBF1 /* Assets.xcassets */; };
		CEB830382ADC64C800CCEBF1 /* Preview Assets.xcassets in Resources */ = {isa = PBXBuildFile; fileRef = CEB830372ADC64C800CCEBF1 /* Preview Assets.xcassets */; };
		CEB8303D2ADC64C800CCEBF1 /* FoodApp.xcdatamodeld in Sources */ = {isa = PBXBuildFile; fileRef = CEB8303B2ADC64C800CCEBF1 /* FoodApp.xcdatamodeld */; };
		CEB830472ADC64C800CCEBF1 /* FoodAppTests.swift in Sources */ = {isa = PBXBuildFile; fileRef = CEB830462ADC64C800CCEBF1 /* FoodAppTests.swift */; };
		CEB830512ADC64C800CCEBF1 /* FoodAppUITests.swift in Sources */ = {isa = PBXBuildFile; fileRef = CEB830502ADC64C800CCEBF1 /* FoodAppUITests.swift */; };
		CEB830532ADC64C800CCEBF1 /* FoodAppUITestsLaunchTests.swift in Sources */ = {isa = PBXBuildFile; fileRef = CEB830522ADC64C800CCEBF1 /* FoodAppUITestsLaunchTests.swift */; };
		CEB830642ADC78EB00CCEBF1 /* Onboarding.swift in Sources */ = {isa = PBXBuildFile; fileRef = CEB830632ADC78EB00CCEBF1 /* Onboarding.swift */; };
		CEB830662ADC80B400CCEBF1 /* MenuItemModel.swift in Sources */ = {isa = PBXBuildFile; fileRef = CEB830652ADC80B400CCEBF1 /* MenuItemModel.swift */; };
		CEB830682ADCB6F700CCEBF1 /* Home.swift in Sources */ = {isa = PBXBuildFile; fileRef = CEB830672ADCB6F700CCEBF1 /* Home.swift */; };
		CEE5FF9F2ADD5DD60025E421 /* Fonts in Resources */ = {isa = PBXBuildFile; fileRef = CEE5FF9E2ADD5DD60025E421 /* Fonts */; };
		CEE5FFA12ADD69EA0025E421 /* Profile.swift in Sources */ = {isa = PBXBuildFile; fileRef = CEE5FFA02ADD69EA0025E421 /* Profile.swift */; };
		CEE5FFA32ADD77B70025E421 /* Persistence.swift in Sources */ = {isa = PBXBuildFile; fileRef = CEE5FFA22ADD77B70025E421 /* Persistence.swift */; };
		CEE5FFA52ADD78120025E421 /* FetchedObjects.swift in Sources */ = {isa = PBXBuildFile; fileRef = CEE5FFA42ADD78120025E421 /* FetchedObjects.swift */; };
		CEE5FFA72ADD78F10025E421 /* MenuView.swift in Sources */ = {isa = PBXBuildFile; fileRef = CEE5FFA62ADD78F10025E421 /* MenuView.swift */; };
		CEE5FFA92ADDCC480025E421 /* Group 1.png in Resources */ = {isa = PBXBuildFile; fileRef = CEE5FFA82ADDCC480025E421 /* Group 1.png */; };
/* End PBXBuildFile section */

/* Begin PBXContainerItemProxy section */
		CEB830432ADC64C800CCEBF1 /* PBXContainerItemProxy */ = {
			isa = PBXContainerItemProxy;
			containerPortal = CEB830252ADC64C600CCEBF1 /* Project object */;
			proxyType = 1;
			remoteGlobalIDString = CEB8302C2ADC64C600CCEBF1;
			remoteInfo = FoodApp;
		};
		CEB8304D2ADC64C800CCEBF1 /* PBXContainerItemProxy */ = {
			isa = PBXContainerItemProxy;
			containerPortal = CEB830252ADC64C600CCEBF1 /* Project object */;
			proxyType = 1;
			remoteGlobalIDString = CEB8302C2ADC64C600CCEBF1;
			remoteInfo = FoodApp;
		};
/* End PBXContainerItemProxy section */

/* Begin PBXFileReference section */
		CEB8302D2ADC64C600CCEBF1 /* FoodApp.app */ = {isa = PBXFileReference; explicitFileType = wrapper.application; includeInIndex = 0; path = FoodApp.app; sourceTree = BUILT_PRODUCTS_DIR; };
		CEB830302ADC64C600CCEBF1 /* FoodAppApp.swift */ = {isa = PBXFileReference; lastKnownFileType = sourcecode.swift; path = FoodAppApp.swift; sourceTree = "<group>"; };
		CEB830322ADC64C600CCEBF1 /* ContentView.swift */ = {isa = PBXFileReference; lastKnownFileType = sourcecode.swift; path = ContentView.swift; sourceTree = "<group>"; };
		CEB830342ADC64C800CCEBF1 /* Assets.xcassets */ = {isa = PBXFileReference; lastKnownFileType = folder.assetcatalog; path = Assets.xcassets; sourceTree = "<group>"; };
		CEB830372ADC64C800CCEBF1 /* Preview Assets.xcassets */ = {isa = PBXFileReference; lastKnownFileType = folder.assetcatalog; path = "Preview Assets.xcassets"; sourceTree = "<group>"; };
		CEB8303C2ADC64C800CCEBF1 /* FoodApp.xcdatamodel */ = {isa = PBXFileReference; lastKnownFileType = wrapper.xcdatamodel; path = FoodApp.xcdatamodel; sourceTree = "<group>"; };
		CEB830422ADC64C800CCEBF1 /* FoodAppTests.xctest */ = {isa = PBXFileReference; explicitFileType = wrapper.cfbundle; includeInIndex = 0; path = FoodAppTests.xctest; sourceTree = BUILT_PRODUCTS_DIR; };
		CEB830462ADC64C800CCEBF1 /* FoodAppTests.swift */ = {isa = PBXFileReference; lastKnownFileType = sourcecode.swift; path = FoodAppTests.swift; sourceTree = "<group>"; };
		CEB8304C2ADC64C800CCEBF1 /* FoodAppUITests.xctest */ = {isa = PBXFileReference; explicitFileType = wrapper.cfbundle; includeInIndex = 0; path = FoodAppUITests.xctest; sourceTree = BUILT_PRODUCTS_DIR; };
		CEB830502ADC64C800CCEBF1 /* FoodAppUITests.swift */ = {isa = PBXFileReference; lastKnownFileType = sourcecode.swift; path = FoodAppUITests.swift; sourceTree = "<group>"; };
		CEB830522ADC64C800CCEBF1 /* FoodAppUITestsLaunchTests.swift */ = {isa = PBXFileReference; lastKnownFileType = sourcecode.swift; path = FoodAppUITestsLaunchTests.swift; sourceTree = "<group>"; };
		CEB830632ADC78EB00CCEBF1 /* Onboarding.swift */ = {isa = PBXFileReference; indentWidth = 4; lastKnownFileType = sourcecode.swift; path = Onboarding.swift; sourceTree = "<group>"; };
		CEB830652ADC80B400CCEBF1 /* MenuItemModel.swift */ = {isa = PBXFileReference; lastKnownFileType = sourcecode.swift; path = MenuItemModel.swift; sourceTree = "<group>"; };
		CEB830672ADCB6F700CCEBF1 /* Home.swift */ = {isa = PBXFileReference; lastKnownFileType = sourcecode.swift; path = Home.swift; sourceTree = "<group>"; };
		CEE5FF9C2ADD5C2F0025E421 /* Info.plist */ = {isa = PBXFileReference; lastKnownFileType = text.plist; path = Info.plist; sourceTree = "<group>"; };
		CEE5FF9E2ADD5DD60025E421 /* Fonts */ = {isa = PBXFileReference; lastKnownFileType = folder; path = Fonts; sourceTree = "<group>"; };
		CEE5FFA02ADD69EA0025E421 /* Profile.swift */ = {isa = PBXFileReference; lastKnownFileType = sourcecode.swift; path = Profile.swift; sourceTree = "<group>"; };
		CEE5FFA22ADD77B70025E421 /* Persistence.swift */ = {isa = PBXFileReference; fileEncoding = 4; lastKnownFileType = sourcecode.swift; name = Persistence.swift; path = ../../../Downloads/KrOCQU2CTpmu1REIfryAvg_ae0cd909bf5e4e7db7525f835ddd50e1_CoreDataSupport/Persistence.swift; sourceTree = "<group>"; };
		CEE5FFA42ADD78120025E421 /* FetchedObjects.swift */ = {isa = PBXFileReference; fileEncoding = 4; lastKnownFileType = sourcecode.swift; path = FetchedObjects.swift; sourceTree = "<group>"; };
		CEE5FFA62ADD78F10025E421 /* MenuView.swift */ = {isa = PBXFileReference; lastKnownFileType = sourcecode.swift; path = MenuView.swift; sourceTree = "<group>"; };
		CEE5FFA82ADDCC480025E421 /* Group 1.png */ = {isa = PBXFileReference; lastKnownFileType = image.png; path = "Group 1.png"; sourceTree = "<group>"; };
/* End PBXFileReference section */

/* Begin PBXFrameworksBuildPhase section */
		CEB8302A2ADC64C600CCEBF1 /* Frameworks */ = {
			isa = PBXFrameworksBuildPhase;
			buildActionMask = 2147483647;
			files = (
			);
			runOnlyForDeploymentPostprocessing = 0;
		};
		CEB8303F2ADC64C800CCEBF1 /* Frameworks */ = {
			isa = PBXFrameworksBuildPhase;
			buildActionMask = 2147483647;
			files = (
			);
			runOnlyForDeploymentPostprocessing = 0;
		};
		CEB830492ADC64C800CCEBF1 /* Frameworks */ = {
			isa = PBXFrameworksBuildPhase;
			buildActionMask = 2147483647;
			files = (
			);
			runOnlyForDeploymentPostprocessing = 0;
		};
/* End PBXFrameworksBuildPhase section */

/* Begin PBXGroup section */
		CEB830242ADC64C600CCEBF1 = {
			isa = PBXGroup;
			children = (
				CEE5FFA82ADDCC480025E421 /* Group 1.png */,
				CEB8302F2ADC64C600CCEBF1 /* FoodApp */,
				CEB830452ADC64C800CCEBF1 /* FoodAppTests */,
				CEB8304F2ADC64C800CCEBF1 /* FoodAppUITests */,
				CEB8302E2ADC64C600CCEBF1 /* Products */,
			);
			sourceTree = "<group>";
		};
		CEB8302E2ADC64C600CCEBF1 /* Products */ = {
			isa = PBXGroup;
			children = (
				CEB8302D2ADC64C600CCEBF1 /* FoodApp.app */,
				CEB830422ADC64C800CCEBF1 /* FoodAppTests.xctest */,
				CEB8304C2ADC64C800CCEBF1 /* FoodAppUITests.xctest */,
			);
			name = Products;
			sourceTree = "<group>";
		};
		CEB8302F2ADC64C600CCEBF1 /* FoodApp */ = {
			isa = PBXGroup;
			children = (
				CEE5FFA42ADD78120025E421 /* FetchedObjects.swift */,
				CEE5FFA22ADD77B70025E421 /* Persistence.swift */,
				CEE5FF9E2ADD5DD60025E421 /* Fonts */,
				CEE5FF9C2ADD5C2F0025E421 /* Info.plist */,
				CEB830622ADC653000CCEBF1 /* ViewModel */,
				CEB830612ADC651C00CCEBF1 /* Model */,
				CEB8305F2ADC64E600CCEBF1 /* View */,
				CEB830302ADC64C600CCEBF1 /* FoodAppApp.swift */,
				CEB830322ADC64C600CCEBF1 /* ContentView.swift */,
				CEB830342ADC64C800CCEBF1 /* Assets.xcassets */,
				CEB8303B2ADC64C800CCEBF1 /* FoodApp.xcdatamodeld */,
				CEB830362ADC64C800CCEBF1 /* Preview Content */,
			);
			path = FoodApp;
			sourceTree = "<group>";
		};
		CEB830362ADC64C800CCEBF1 /* Preview Content */ = {
			isa = PBXGroup;
			children = (
				CEB830372ADC64C800CCEBF1 /* Preview Assets.xcassets */,
			);
			path = "Preview Content";
			sourceTree = "<group>";
		};
		CEB830452ADC64C800CCEBF1 /* FoodAppTests */ = {
			isa = PBXGroup;
			children = (
				CEB830462ADC64C800CCEBF1 /* FoodAppTests.swift */,
			);
			path = FoodAppTests;
			sourceTree = "<group>";
		};
		CEB8304F2ADC64C800CCEBF1 /* FoodAppUITests */ = {
			isa = PBXGroup;
			children = (
				CEB830502ADC64C800CCEBF1 /* FoodAppUITests.swift */,
				CEB830522ADC64C800CCEBF1 /* FoodAppUITestsLaunchTests.swift */,
			);
			path = FoodAppUITests;
			sourceTree = "<group>";
		};
		CEB8305F2ADC64E600CCEBF1 /* View */ = {
			isa = PBXGroup;
			children = (
				CEB830632ADC78EB00CCEBF1 /* Onboarding.swift */,
				CEB830672ADCB6F700CCEBF1 /* Home.swift */,
				CEE5FFA02ADD69EA0025E421 /* Profile.swift */,
				CEE5FFA62ADD78F10025E421 /* MenuView.swift */,
			);
			path = View;
			sourceTree = "<group>";
		};
		CEB830612ADC651C00CCEBF1 /* Model */ = {
			isa = PBXGroup;
			children = (
				CEB830652ADC80B400CCEBF1 /* MenuItemModel.swift */,
			);
			path = Model;
			sourceTree = "<group>";
		};
		CEB830622ADC653000CCEBF1 /* ViewModel */ = {
			isa = PBXGroup;
			children = (
			);
			path = ViewModel;
			sourceTree = "<group>";
		};
/* End PBXGroup section */

/* Begin PBXNativeTarget section */
		CEB8302C2ADC64C600CCEBF1 /* FoodApp */ = {
			isa = PBXNativeTarget;
			buildConfigurationList = CEB830562ADC64C800CCEBF1 /* Build configuration list for PBXNativeTarget "FoodApp" */;
			buildPhases = (
				CEB830292ADC64C600CCEBF1 /* Sources */,
				CEB8302A2ADC64C600CCEBF1 /* Frameworks */,
				CEB8302B2ADC64C600CCEBF1 /* Resources */,
			);
			buildRules = (
			);
			dependencies = (
			);
			name = FoodApp;
			productName = FoodApp;
			productReference = CEB8302D2ADC64C600CCEBF1 /* FoodApp.app */;
			productType = "com.apple.product-type.application";
		};
		CEB830412ADC64C800CCEBF1 /* FoodAppTests */ = {
			isa = PBXNativeTarget;
			buildConfigurationList = CEB830592ADC64C800CCEBF1 /* Build configuration list for PBXNativeTarget "FoodAppTests" */;
			buildPhases = (
				CEB8303E2ADC64C800CCEBF1 /* Sources */,
				CEB8303F2ADC64C800CCEBF1 /* Frameworks */,
				CEB830402ADC64C800CCEBF1 /* Resources */,
			);
			buildRules = (
			);
			dependencies = (
				CEB830442ADC64C800CCEBF1 /* PBXTargetDependency */,
			);
			name = FoodAppTests;
			productName = FoodAppTests;
			productReference = CEB830422ADC64C800CCEBF1 /* FoodAppTests.xctest */;
			productType = "com.apple.product-type.bundle.unit-test";
		};
		CEB8304B2ADC64C800CCEBF1 /* FoodAppUITests */ = {
			isa = PBXNativeTarget;
			buildConfigurationList = CEB8305C2ADC64C800CCEBF1 /* Build configuration list for PBXNativeTarget "FoodAppUITests" */;
			buildPhases = (
				CEB830482ADC64C800CCEBF1 /* Sources */,
				CEB830492ADC64C800CCEBF1 /* Frameworks */,
				CEB8304A2ADC64C800CCEBF1 /* Resources */,
			);
			buildRules = (
			);
			dependencies = (
				CEB8304E2ADC64C800CCEBF1 /* PBXTargetDependency */,
			);
			name = FoodAppUITests;
			productName = FoodAppUITests;
			productReference = CEB8304C2ADC64C800CCEBF1 /* FoodAppUITests.xctest */;
			productType = "com.apple.product-type.bundle.ui-testing";
		};
/* End PBXNativeTarget section */

/* Begin PBXProject section */
		CEB830252ADC64C600CCEBF1 /* Project object */ = {
			isa = PBXProject;
			attributes = {
				BuildIndependentTargetsInParallel = 1;
				LastSwiftUpdateCheck = 1500;
				LastUpgradeCheck = 1500;
				TargetAttributes = {
					CEB8302C2ADC64C600CCEBF1 = {
						CreatedOnToolsVersion = 15.0;
					};
					CEB830412ADC64C800CCEBF1 = {
						CreatedOnToolsVersion = 15.0;
						TestTargetID = CEB8302C2ADC64C600CCEBF1;
					};
					CEB8304B2ADC64C800CCEBF1 = {
						CreatedOnToolsVersion = 15.0;
						TestTargetID = CEB8302C2ADC64C600CCEBF1;
					};
				};
			};
			buildConfigurationList = CEB830282ADC64C600CCEBF1 /* Build configuration list for PBXProject "FoodApp" */;
			compatibilityVersion = "Xcode 14.0";
			developmentRegion = en;
			hasScannedForEncodings = 0;
			knownRegions = (
				en,
				Base,
			);
			mainGroup = CEB830242ADC64C600CCEBF1;
			productRefGroup = CEB8302E2ADC64C600CCEBF1 /* Products */;
			projectDirPath = "";
			projectRoot = "";
			targets = (
				CEB8302C2ADC64C600CCEBF1 /* FoodApp */,
				CEB830412ADC64C800CCEBF1 /* FoodAppTests */,
				CEB8304B2ADC64C800CCEBF1 /* FoodAppUITests */,
			);
		};
/* End PBXProject section */

/* Begin PBXResourcesBuildPhase section */
		CEB8302B2ADC64C600CCEBF1 /* Resources */ = {
			isa = PBXResourcesBuildPhase;
			buildActionMask = 2147483647;
			files = (
				CEE5FFA92ADDCC480025E421 /* Group 1.png in Resources */,
				CEE5FF9F2ADD5DD60025E421 /* Fonts in Resources */,
				CEB830382ADC64C800CCEBF1 /* Preview Assets.xcassets in Resources */,
				CEB830352ADC64C800CCEBF1 /* Assets.xcassets in Resources */,
			);
			runOnlyForDeploymentPostprocessing = 0;
		};
		CEB830402ADC64C800CCEBF1 /* Resources */ = {
			isa = PBXResourcesBuildPhase;
			buildActionMask = 2147483647;
			files = (
			);
			runOnlyForDeploymentPostprocessing = 0;
		};
		CEB8304A2ADC64C800CCEBF1 /* Resources */ = {
			isa = PBXResourcesBuildPhase;
			buildActionMask = 2147483647;
			files = (
			);
			runOnlyForDeploymentPostprocessing = 0;
		};
/* End PBXResourcesBuildPhase section */

/* Begin PBXSourcesBuildPhase section */
		CEB830292ADC64C600CCEBF1 /* Sources */ = {
			isa = PBXSourcesBuildPhase;
			buildActionMask = 2147483647;
			files = (
				CEE5FFA32ADD77B70025E421 /* Persistence.swift in Sources */,
				CEE5FFA12ADD69EA0025E421 /* Profile.swift in Sources */,
				CEB8303D2ADC64C800CCEBF1 /* FoodApp.xcdatamodeld in Sources */,
				CEB830642ADC78EB00CCEBF1 /* Onboarding.swift in Sources */,
				CEE5FFA72ADD78F10025E421 /* MenuView.swift in Sources */,
				CEB830332ADC64C600CCEBF1 /* ContentView.swift in Sources */,
				CEB830312ADC64C600CCEBF1 /* FoodAppApp.swift in Sources */,
				CEB830662ADC80B400CCEBF1 /* MenuItemModel.swift in Sources */,
				CEE5FFA52ADD78120025E421 /* FetchedObjects.swift in Sources */,
				CEB830682ADCB6F700CCEBF1 /* Home.swift in Sources */,
			);
			runOnlyForDeploymentPostprocessing = 0;
		};
		CEB8303E2ADC64C800CCEBF1 /* Sources */ = {
			isa = PBXSourcesBuildPhase;
			buildActionMask = 2147483647;
			files = (
				CEB830472ADC64C800CCEBF1 /* FoodAppTests.swift in Sources */,
			);
			runOnlyForDeploymentPostprocessing = 0;
		};
		CEB830482ADC64C800CCEBF1 /* Sources */ = {
			isa = PBXSourcesBuildPhase;
			buildActionMask = 2147483647;
			files = (
				CEB830532ADC64C800CCEBF1 /* FoodAppUITestsLaunchTests.swift in Sources */,
				CEB830512ADC64C800CCEBF1 /* FoodAppUITests.swift in Sources */,
			);
			runOnlyForDeploymentPostprocessing = 0;
		};
/* End PBXSourcesBuildPhase section */

/* Begin PBXTargetDependency section */
		CEB830442ADC64C800CCEBF1 /* PBXTargetDependency */ = {
			isa = PBXTargetDependency;
			target = CEB8302C2ADC64C600CCEBF1 /* FoodApp */;
			targetProxy = CEB830432ADC64C800CCEBF1 /* PBXContainerItemProxy */;
		};
		CEB8304E2ADC64C800CCEBF1 /* PBXTargetDependency */ = {
			isa = PBXTargetDependency;
			target = CEB8302C2ADC64C600CCEBF1 /* FoodApp */;
			targetProxy = CEB8304D2ADC64C800CCEBF1 /* PBXContainerItemProxy */;
		};
/* End PBXTargetDependency section */

/* Begin XCBuildConfiguration section */
		CEB830542ADC64C800CCEBF1 /* Debug */ = {
			isa = XCBuildConfiguration;
			buildSettings = {
				ALWAYS_SEARCH_USER_PATHS = NO;
				ASSETCATALOG_COMPILER_GENERATE_SWIFT_ASSET_SYMBOL_EXTENSIONS = YES;
				CLANG_ANALYZER_NONNULL = YES;
				CLANG_ANALYZER_NUMBER_OBJECT_CONVERSION = YES_AGGRESSIVE;
				CLANG_CXX_LANGUAGE_STANDARD = "gnu++20";
				CLANG_ENABLE_MODULES = YES;
				CLANG_ENABLE_OBJC_ARC = YES;
				CLANG_ENABLE_OBJC_WEAK = YES;
				CLANG_WARN_BLOCK_CAPTURE_AUTORELEASING = YES;
				CLANG_WARN_BOOL_CONVERSION = YES;
				CLANG_WARN_COMMA = YES;
				CLANG_WARN_CONSTANT_CONVERSION = YES;
				CLANG_WARN_DEPRECATED_OBJC_IMPLEMENTATIONS = YES;
				CLANG_WARN_DIRECT_OBJC_ISA_USAGE = YES_ERROR;
				CLANG_WARN_DOCUMENTATION_COMMENTS = YES;
				CLANG_WARN_EMPTY_BODY = YES;
				CLANG_WARN_ENUM_CONVERSION = YES;
				CLANG_WARN_INFINITE_RECURSION = YES;
				CLANG_WARN_INT_CONVERSION = YES;
				CLANG_WARN_NON_LITERAL_NULL_CONVERSION = YES;
				CLANG_WARN_OBJC_IMPLICIT_RETAIN_SELF = YES;
				CLANG_WARN_OBJC_LITERAL_CONVERSION = YES;
				CLANG_WARN_OBJC_ROOT_CLASS = YES_ERROR;
				CLANG_WARN_QUOTED_INCLUDE_IN_FRAMEWORK_HEADER = YES;
				CLANG_WARN_RANGE_LOOP_ANALYSIS = YES;
				CLANG_WARN_STRICT_PROTOTYPES = YES;
				CLANG_WARN_SUSPICIOUS_MOVE = YES;
				CLANG_WARN_UNGUARDED_AVAILABILITY = YES_AGGRESSIVE;
				CLANG_WARN_UNREACHABLE_CODE = YES;
				CLANG_WARN__DUPLICATE_METHOD_MATCH = YES;
				COPY_PHASE_STRIP = NO;
				DEBUG_INFORMATION_FORMAT = dwarf;
				ENABLE_STRICT_OBJC_MSGSEND = YES;
				ENABLE_TESTABILITY = YES;
				ENABLE_USER_SCRIPT_SANDBOXING = YES;
				GCC_C_LANGUAGE_STANDARD = gnu17;
				GCC_DYNAMIC_NO_PIC = NO;
				GCC_NO_COMMON_BLOCKS = YES;
				GCC_OPTIMIZATION_LEVEL = 0;
				GCC_PREPROCESSOR_DEFINITIONS = (
					"DEBUG=1",
					"$(inherited)",
				);
				GCC_WARN_64_TO_32_BIT_CONVERSION = YES;
				GCC_WARN_ABOUT_RETURN_TYPE = YES_ERROR;
				GCC_WARN_UNDECLARED_SELECTOR = YES;
				GCC_WARN_UNINITIALIZED_AUTOS = YES_AGGRESSIVE;
				GCC_WARN_UNUSED_FUNCTION = YES;
				GCC_WARN_UNUSED_VARIABLE = YES;
				IPHONEOS_DEPLOYMENT_TARGET = 17.0;
				LOCALIZATION_PREFERS_STRING_CATALOGS = YES;
				MTL_ENABLE_DEBUG_INFO = INCLUDE_SOURCE;
				MTL_FAST_MATH = YES;
				ONLY_ACTIVE_ARCH = YES;
				SDKROOT = iphoneos;
				SWIFT_ACTIVE_COMPILATION_CONDITIONS = "DEBUG $(inherited)";
				SWIFT_OPTIMIZATION_LEVEL = "-Onone";
			};
			name = Debug;
		};
		CEB830552ADC64C800CCEBF1 /* Release */ = {
			isa = XCBuildConfiguration;
			buildSettings = {
				ALWAYS_SEARCH_USER_PATHS = NO;
				ASSETCATALOG_COMPILER_GENERATE_SWIFT_ASSET_SYMBOL_EXTENSIONS = YES;
				CLANG_ANALYZER_NONNULL = YES;
				CLANG_ANALYZER_NUMBER_OBJECT_CONVERSION = YES_AGGRESSIVE;
				CLANG_CXX_LANGUAGE_STANDARD = "gnu++20";
				CLANG_ENABLE_MODULES = YES;
				CLANG_ENABLE_OBJC_ARC = YES;
				CLANG_ENABLE_OBJC_WEAK = YES;
				CLANG_WARN_BLOCK_CAPTURE_AUTORELEASING = YES;
				CLANG_WARN_BOOL_CONVERSION = YES;
				CLANG_WARN_COMMA = YES;
				CLANG_WARN_CONSTANT_CONVERSION = YES;
				CLANG_WARN_DEPRECATED_OBJC_IMPLEMENTATIONS = YES;
				CLANG_WARN_DIRECT_OBJC_ISA_USAGE = YES_ERROR;
				CLANG_WARN_DOCUMENTATION_COMMENTS = YES;
				CLANG_WARN_EMPTY_BODY = YES;
				CLANG_WARN_ENUM_CONVERSION = YES;
				CLANG_WARN_INFINITE_RECURSION = YES;
				CLANG_WARN_INT_CONVERSION = YES;
				CLANG_WARN_NON_LITERAL_NULL_CONVERSION = YES;
				CLANG_WARN_OBJC_IMPLICIT_RETAIN_SELF = YES;
				CLANG_WARN_OBJC_LITERAL_CONVERSION = YES;
				CLANG_WARN_OBJC_ROOT_CLASS = YES_ERROR;
				CLANG_WARN_QUOTED_INCLUDE_IN_FRAMEWORK_HEADER = YES;
				CLANG_WARN_RANGE_LOOP_ANALYSIS = YES;
				CLANG_WARN_STRICT_PROTOTYPES = YES;
				CLANG_WARN_SUSPICIOUS_MOVE = YES;
				CLANG_WARN_UNGUARDED_AVAILABILITY = YES_AGGRESSIVE;
				CLANG_WARN_UNREACHABLE_CODE = YES;
				CLANG_WARN__DUPLICATE_METHOD_MATCH = YES;
				COPY_PHASE_STRIP = NO;
				DEBUG_INFORMATION_FORMAT = "dwarf-with-dsym";
				ENABLE_NS_ASSERTIONS = NO;
				ENABLE_STRICT_OBJC_MSGSEND = YES;
				ENABLE_USER_SCRIPT_SANDBOXING = YES;
				GCC_C_LANGUAGE_STANDARD = gnu17;
				GCC_NO_COMMON_BLOCKS = YES;
				GCC_WARN_64_TO_32_BIT_CONVERSION = YES;
				GCC_WARN_ABOUT_RETURN_TYPE = YES_ERROR;
				GCC_WARN_UNDECLARED_SELECTOR = YES;
				GCC_WARN_UNINITIALIZED_AUTOS = YES_AGGRESSIVE;
				GCC_WARN_UNUSED_FUNCTION = YES;
				GCC_WARN_UNUSED_VARIABLE = YES;
				IPHONEOS_DEPLOYMENT_TARGET = 17.0;
				LOCALIZATION_PREFERS_STRING_CATALOGS = YES;
				MTL_ENABLE_DEBUG_INFO = NO;
				MTL_FAST_MATH = YES;
				SDKROOT = iphoneos;
				SWIFT_COMPILATION_MODE = wholemodule;
				VALIDATE_PRODUCT = YES;
			};
			name = Release;
		};
		CEB830572ADC64C800CCEBF1 /* Debug */ = {
			isa = XCBuildConfiguration;
			buildSettings = {
				ASSETCATALOG_COMPILER_APPICON_NAME = AppIcon;
				ASSETCATALOG_COMPILER_GLOBAL_ACCENT_COLOR_NAME = AccentColor;
				CODE_SIGN_STYLE = Automatic;
				CURRENT_PROJECT_VERSION = 1;
				DEVELOPMENT_ASSET_PATHS = "\"FoodApp/Preview Content\"";
				DEVELOPMENT_TEAM = J9R9JAN2K4;
				ENABLE_PREVIEWS = YES;
				GENERATE_INFOPLIST_FILE = YES;
				INFOPLIST_FILE = FoodApp/Info.plist;
				INFOPLIST_KEY_UIApplicationSceneManifest_Generation = YES;
				INFOPLIST_KEY_UIApplicationSupportsIndirectInputEvents = YES;
				INFOPLIST_KEY_UILaunchScreen_Generation = YES;
				INFOPLIST_KEY_UISupportedInterfaceOrientations_iPad = "UIInterfaceOrientationPortrait UIInterfaceOrientationPortraitUpsideDown UIInterfaceOrientationLandscapeLeft UIInterfaceOrientationLandscapeRight";
				INFOPLIST_KEY_UISupportedInterfaceOrientations_iPhone = "UIInterfaceOrientationPortrait UIInterfaceOrientationLandscapeLeft UIInterfaceOrientationLandscapeRight";
				INFOPLIST_PREPROCESS = NO;
				LD_RUNPATH_SEARCH_PATHS = (
					"$(inherited)",
					"@executable_path/Frameworks",
				);
				MARKETING_VERSION = 1.0;
				PRODUCT_BUNDLE_IDENTIFIER = kamal.FoodApp;
				PRODUCT_NAME = "$(TARGET_NAME)";
				SWIFT_EMIT_LOC_STRINGS = YES;
				SWIFT_VERSION = 5.0;
				TARGETED_DEVICE_FAMILY = "1,2";
			};
			name = Debug;
		};
		CEB830582ADC64C800CCEBF1 /* Release */ = {
			isa = XCBuildConfiguration;
			buildSettings = {
				ASSETCATALOG_COMPILER_APPICON_NAME = AppIcon;
				ASSETCATALOG_COMPILER_GLOBAL_ACCENT_COLOR_NAME = AccentColor;
				CODE_SIGN_STYLE = Automatic;
				CURRENT_PROJECT_VERSION = 1;
				DEVELOPMENT_ASSET_PATHS = "\"FoodApp/Preview Content\"";
				DEVELOPMENT_TEAM = J9R9JAN2K4;
				ENABLE_PREVIEWS = YES;
				GENERATE_INFOPLIST_FILE = YES;
				INFOPLIST_FILE = FoodApp/Info.plist;
				INFOPLIST_KEY_UIApplicationSceneManifest_Generation = YES;
				INFOPLIST_KEY_UIApplicationSupportsIndirectInputEvents = YES;
				INFOPLIST_KEY_UILaunchScreen_Generation = YES;
				INFOPLIST_KEY_UISupportedInterfaceOrientations_iPad = "UIInterfaceOrientationPortrait UIInterfaceOrientationPortraitUpsideDown UIInterfaceOrientationLandscapeLeft UIInterfaceOrientationLandscapeRight";
				INFOPLIST_KEY_UISupportedInterfaceOrientations_iPhone = "UIInterfaceOrientationPortrait UIInterfaceOrientationLandscapeLeft UIInterfaceOrientationLandscapeRight";
				INFOPLIST_PREPROCESS = NO;
				LD_RUNPATH_SEARCH_PATHS = (
					"$(inherited)",
					"@executable_path/Frameworks",
				);
				MARKETING_VERSION = 1.0;
				PRODUCT_BUNDLE_IDENTIFIER = kamal.FoodApp;
				PRODUCT_NAME = "$(TARGET_NAME)";
				SWIFT_EMIT_LOC_STRINGS = YES;
				SWIFT_VERSION = 5.0;
				TARGETED_DEVICE_FAMILY = "1,2";
			};
			name = Release;
		};
		CEB8305A2ADC64C800CCEBF1 /* Debug */ = {
			isa = XCBuildConfiguration;
			buildSettings = {
				ALWAYS_EMBED_SWIFT_STANDARD_LIBRARIES = YES;
				BUNDLE_LOADER = "$(TEST_HOST)";
				CODE_SIGN_STYLE = Automatic;
				CURRENT_PROJECT_VERSION = 1;
				DEVELOPMENT_TEAM = J9R9JAN2K4;
				GENERATE_INFOPLIST_FILE = YES;
				IPHONEOS_DEPLOYMENT_TARGET = 17.0;
				MARKETING_VERSION = 1.0;
				PRODUCT_BUNDLE_IDENTIFIER = kamal.FoodAppTests;
				PRODUCT_NAME = "$(TARGET_NAME)";
				SWIFT_EMIT_LOC_STRINGS = NO;
				SWIFT_VERSION = 5.0;
				TARGETED_DEVICE_FAMILY = "1,2";
				TEST_HOST = "$(BUILT_PRODUCTS_DIR)/FoodApp.app/$(BUNDLE_EXECUTABLE_FOLDER_PATH)/FoodApp";
			};
			name = Debug;
		};
		CEB8305B2ADC64C800CCEBF1 /* Release */ = {
			isa = XCBuildConfiguration;
			buildSettings = {
				ALWAYS_EMBED_SWIFT_STANDARD_LIBRARIES = YES;
				BUNDLE_LOADER = "$(TEST_HOST)";
				CODE_SIGN_STYLE = Automatic;
				CURRENT_PROJECT_VERSION = 1;
				DEVELOPMENT_TEAM = J9R9JAN2K4;
				GENERATE_INFOPLIST_FILE = YES;
				IPHONEOS_DEPLOYMENT_TARGET = 17.0;
				MARKETING_VERSION = 1.0;
				PRODUCT_BUNDLE_IDENTIFIER = kamal.FoodAppTests;
				PRODUCT_NAME = "$(TARGET_NAME)";
				SWIFT_EMIT_LOC_STRINGS = NO;
				SWIFT_VERSION = 5.0;
				TARGETED_DEVICE_FAMILY = "1,2";
				TEST_HOST = "$(BUILT_PRODUCTS_DIR)/FoodApp.app/$(BUNDLE_EXECUTABLE_FOLDER_PATH)/FoodApp";
			};
			name = Release;
		};
		CEB8305D2ADC64C800CCEBF1 /* Debug */ = {
			isa = XCBuildConfiguration;
			buildSettings = {
				ALWAYS_EMBED_SWIFT_STANDARD_LIBRARIES = YES;
				CODE_SIGN_STYLE = Automatic;
				CURRENT_PROJECT_VERSION = 1;
				DEVELOPMENT_TEAM = J9R9JAN2K4;
				GENERATE_INFOPLIST_FILE = YES;
				MARKETING_VERSION = 1.0;
				PRODUCT_BUNDLE_IDENTIFIER = kamal.FoodAppUITests;
				PRODUCT_NAME = "$(TARGET_NAME)";
				SWIFT_EMIT_LOC_STRINGS = NO;
				SWIFT_VERSION = 5.0;
				TARGETED_DEVICE_FAMILY = "1,2";
				TEST_TARGET_NAME = FoodApp;
			};
			name = Debug;
		};
		CEB8305E2ADC64C800CCEBF1 /* Release */ = {
			isa = XCBuildConfiguration;
			buildSettings = {
				ALWAYS_EMBED_SWIFT_STANDARD_LIBRARIES = YES;
				CODE_SIGN_STYLE = Automatic;
				CURRENT_PROJECT_VERSION = 1;
				DEVELOPMENT_TEAM = J9R9JAN2K4;
				GENERATE_INFOPLIST_FILE = YES;
				MARKETING_VERSION = 1.0;
				PRODUCT_BUNDLE_IDENTIFIER = kamal.FoodAppUITests;
				PRODUCT_NAME = "$(TARGET_NAME)";
				SWIFT_EMIT_LOC_STRINGS = NO;
				SWIFT_VERSION = 5.0;
				TARGETED_DEVICE_FAMILY = "1,2";
				TEST_TARGET_NAME = FoodApp;
			};
			name = Release;
		};
/* End XCBuildConfiguration section */

/* Begin XCConfigurationList section */
		CEB830282ADC64C600CCEBF1 /* Build configuration list for PBXProject "FoodApp" */ = {
			isa = XCConfigurationList;
			buildConfigurations = (
				CEB830542ADC64C800CCEBF1 /* Debug */,
				CEB830552ADC64C800CCEBF1 /* Release */,
			);
			defaultConfigurationIsVisible = 0;
			defaultConfigurationName = Release;
		};
		CEB830562ADC64C800CCEBF1 /* Build configuration list for PBXNativeTarget "FoodApp" */ = {
			isa = XCConfigurationList;
			buildConfigurations = (
				CEB830572ADC64C800CCEBF1 /* Debug */,
				CEB830582ADC64C800CCEBF1 /* Release */,
			);
			defaultConfigurationIsVisible = 0;
			defaultConfigurationName = Release;
		};
		CEB830592ADC64C800CCEBF1 /* Build configuration list for PBXNativeTarget "FoodAppTests" */ = {
			isa = XCConfigurationList;
			buildConfigurations = (
				CEB8305A2ADC64C800CCEBF1 /* Debug */,
				CEB8305B2ADC64C800CCEBF1 /* Release */,
			);
			defaultConfigurationIsVisible = 0;
			defaultConfigurationName = Release;
		};
		CEB8305C2ADC64C800CCEBF1 /* Build configuration list for PBXNativeTarget "FoodAppUITests" */ = {
			isa = XCConfigurationList;
			buildConfigurations = (
				CEB8305D2ADC64C800CCEBF1 /* Debug */,
				CEB8305E2ADC64C800CCEBF1 /* Release */,
			);
			defaultConfigurationIsVisible = 0;
			defaultConfigurationName = Release;
		};
/* End XCConfigurationList section */

/* Begin XCVersionGroup section */
		CEB8303B2ADC64C800CCEBF1 /* FoodApp.xcdatamodeld */ = {
			isa = XCVersionGroup;
			children = (
				CEB8303C2ADC64C800CCEBF1 /* FoodApp.xcdatamodel */,
			);
			currentVersion = CEB8303C2ADC64C800CCEBF1 /* FoodApp.xcdatamodel */;
			path = FoodApp.xcdatamodeld;
			sourceTree = "<group>";
			versionGroupType = wrapper.xcdatamodel;
		};
/* End XCVersionGroup section */
	};
	rootObject = CEB830252ADC64C600CCEBF1 /* Project object */;
}
